
Microsoft Visual Studio Solution File, Format Version 12.00
# Visual Studio 15
VisualStudioVersion = 15.0.28010.2041
MinimumVisualStudioVersion = 10.0.40219.1
Project("{FAE04EC0-301F-11D3-BF4B-00C04F79EFBC}") = "Rainnier.DesignPattern.Factory", "Rainnier.DesignPattern.Factory\Rainnier.DesignPattern.Factory.csproj", "{150D672F-11E6-435B-A75D-AB64C586D13B}"
EndProject
Project("{2150E333-8FDC-42A3-9474-1A3956D46DE8}") = "Creator", "Creator", "{0D83D479-119C-4570-BDDA-976AD311EE8E}"
EndProject
Project("{FAE04EC0-301F-11D3-BF4B-00C04F79EFBC}") = "Rainnier.DesignPattern.Builder", "Rainnier.DesignPattern.Builder\Rainnier.DesignPattern.Builder.csproj", "{D136547B-1321-45A1-A817-5CF2C03C715A}"
EndProject
Project("{FAE04EC0-301F-11D3-BF4B-00C04F79EFBC}") = "Rainnier.DesignPattern.ProtoType", "Rainnier.DesignPattern.ProtoType\Rainnier.DesignPattern.ProtoType.csproj", "{56B9D42A-EEFE-4062-91D3-8859299978A1}"
EndProject
Project("{FAE04EC0-301F-11D3-BF4B-00C04F79EFBC}") = "Rainnier.DesignPattern.Singleton", "Rainnier.DesignPattern.Singleton\Rainnier.DesignPattern.Singleton.csproj", "{C6BB091A-97D0-4FBC-A119-347D0E91315A}"
EndProject
Project("{2150E333-8FDC-42A3-9474-1A3956D46DE8}") = "Struct", "Struct", "{0EB59C3D-20CE-4496-9590-BE13383F7D00}"
EndProject
Project("{2150E333-8FDC-42A3-9474-1A3956D46DE8}") = "Behavior", "Behavior", "{C1DF5F59-1AEA-4F42-8621-6C1CECB8F9EE}"
EndProject
Project("{FAE04EC0-301F-11D3-BF4B-00C04F79EFBC}") = "Rainnier.DesignPattern.Interpreter", "Rainnier.DesignPattern.Interpreter\Rainnier.DesignPattern.Interpreter.csproj", "{3BA2B1B3-DAF2-44A7-9B5C-30D713FBF4E0}"
EndProject
Project("{FAE04EC0-301F-11D3-BF4B-00C04F79EFBC}") = "Rainnier.DesignPattern.Adapter", "Rainnier.DesignPattern.Adapter\Rainnier.DesignPattern.Adapter.csproj", "{E05BAC56-EA2A-4883-A20E-9352AAA486AB}"
EndProject
Project("{FAE04EC0-301F-11D3-BF4B-00C04F79EFBC}") = "Rainnier.DesignPattern.Bridge", "Rainnier.DesignPattern.Bridge\Rainnier.DesignPattern.Bridge.csproj", "{577AB4E8-AF1E-4BE3-94AD-D38764DF4043}"
EndProject
Project("{FAE04EC0-301F-11D3-BF4B-00C04F79EFBC}") = "Rainnier.DesignPattern.Composite", "Rainnier.DesignPattern.Composite\Rainnier.DesignPattern.Composite.csproj", "{493737D5-3D67-437D-9A0B-7361C69BDCC7}"
EndProject
Project("{FAE04EC0-301F-11D3-BF4B-00C04F79EFBC}") = "Rainnier.DesignPattern.Decorator", "Rainnier.DesignPattern.Decorator\Rainnier.DesignPattern.Decorator.csproj", "{E41D6786-4A1D-4884-BF2B-0263FE45FE4A}"
EndProject
Project("{FAE04EC0-301F-11D3-BF4B-00C04F79EFBC}") = "Rainnier.DesignPattern.Facade", "Rainnier.DesignPattern.Facade\Rainnier.DesignPattern.Facade.csproj", "{C7A26E4E-8A52-431F-84F1-751FB3B82262}"
EndProject
Project("{FAE04EC0-301F-11D3-BF4B-00C04F79EFBC}") = "Rainnier.DesignPattern.FlyWeight", "Rainnier.DesignPattern.FlyWeight\Rainnier.DesignPattern.FlyWeight.csproj", "{16FFF3D0-781A-47D9-B7B5-5185B7A0B2FA}"
EndProject
Project("{FAE04EC0-301F-11D3-BF4B-00C04F79EFBC}") = "Rainnier.DesignPattern.Proxy", "Rainnier.DesignPattern.Proxy\Rainnier.DesignPattern.Proxy.csproj", "{8AA36BF1-DA52-4038-BFEC-9AF49FC1DD98}"
EndProject
Project("{FAE04EC0-301F-11D3-BF4B-00C04F79EFBC}") = "Rainnier.DesignPattern.TemplateMethod", "Rainnier.DesignPattern.TemplateMethod\Rainnier.DesignPattern.TemplateMethod.csproj", "{290E5F75-ADB0-4B10-893B-D2E3A68FD638}"
EndProject
Project("{FAE04EC0-301F-11D3-BF4B-00C04F79EFBC}") = "Rainnier.DesignPattern.Visitor", "Rainnier.DesignPattern.Visitor\Rainnier.DesignPattern.Visitor.csproj", "{E532998B-B266-4BAB-B972-89ADD689A97A}"
EndProject
Project("{2150E333-8FDC-42A3-9474-1A3956D46DE8}") = "AOP", "AOP", "{56B8966E-AA31-4E0B-8FD7-124947C270C4}"
EndProject
Project("{FAE04EC0-301F-11D3-BF4B-00C04F79EFBC}") = "Rainnier.DesignPattern.AOP.Interception", "Rainnier.DesignPattern.AOP.Interception\Rainnier.DesignPattern.AOP.Interception.csproj", "{A3A6DE8C-F6F0-4170-8728-DB642B2F1149}"
EndProject
Project("{FAE04EC0-301F-11D3-BF4B-00C04F79EFBC}") = "Rainnier.DesignPattern.AttributeDemo", "Rainnier.DesignPattern.AttributeDemo\Rainnier.DesignPattern.AttributeDemo.csproj", "{03987416-C252-4724-BD5B-006041AF9940}"
EndProject
Project("{2150E333-8FDC-42A3-9474-1A3956D46DE8}") = "Network", "Network", "{7DD0265D-593E-4735-BC62-AEC31966D4F5}"
EndProject
Project("{FAE04EC0-301F-11D3-BF4B-00C04F79EFBC}") = "Rainnier.DesignPattern.Network", "Rainnier.DesignPattern.Network\Rainnier.DesignPattern.Network.csproj", "{F0E3A297-F3C3-4D5A-A791-E4C3D1FC1F67}"
EndProject
Project("{2150E333-8FDC-42A3-9474-1A3956D46DE8}") = "Thread", "Thread", "{0B7C57C0-5F61-4623-A57C-4F6B2693D969}"
EndProject
Project("{FAE04EC0-301F-11D3-BF4B-00C04F79EFBC}") = "Rainnier.DesignPattern.ThreadSync", "Rainnier.DesignPattern.Thread\Rainnier.DesignPattern.ThreadSync.csproj", "{E4F0214B-AE07-4AE0-88A2-538BF02F8DC3}"
EndProject
Project("{FAE04EC0-301F-11D3-BF4B-00C04F79EFBC}") = "Rainnier.DesignPattern.Asynchronous", "Rainnier.DesignPattern.Asynchronous\Rainnier.DesignPattern.Asynchronous.csproj", "{49B3898B-B308-4CB1-9C57-287FA4F3CA1F}"
EndProject
Project("{2150E333-8FDC-42A3-9474-1A3956D46DE8}") = "ReactiveExtensions", "ReactiveExtensions", "{7EAEC179-C4FF-413B-9EB4-4F08CD4EF11A}"
EndProject
Project("{FAE04EC0-301F-11D3-BF4B-00C04F79EFBC}") = "Rainnier.DesignPattern.Rx.Demo", "Rainnier.DesignPattern.Rx.Demo\Rainnier.DesignPattern.Rx.Demo.csproj", "{EDE83E87-0C74-47E9-91F0-52AC6E9F08BC}"
EndProject
Project("{FAE04EC0-301F-11D3-BF4B-00C04F79EFBC}") = "Rainnier.DesignPattern.ObserveMode", "Rainnier.DesignPattern.ObserveMode\Rainnier.DesignPattern.ObserveMode.csproj", "{FA523901-C8B4-488F-984E-61EBB15F4926}"
EndProject
Global
	GlobalSection(SolutionConfigurationPlatforms) = preSolution
		Debug|Any CPU = Debug|Any CPU
		Release|Any CPU = Release|Any CPU
	EndGlobalSection
	GlobalSection(ProjectConfigurationPlatforms) = postSolution
		{150D672F-11E6-435B-A75D-AB64C586D13B}.Debug|Any CPU.ActiveCfg = Debug|Any CPU
		{150D672F-11E6-435B-A75D-AB64C586D13B}.Debug|Any CPU.Build.0 = Debug|Any CPU
		{150D672F-11E6-435B-A75D-AB64C586D13B}.Release|Any CPU.ActiveCfg = Release|Any CPU
		{150D672F-11E6-435B-A75D-AB64C586D13B}.Release|Any CPU.Build.0 = Release|Any CPU
		{D136547B-1321-45A1-A817-5CF2C03C715A}.Debug|Any CPU.ActiveCfg = Debug|Any CPU
		{D136547B-1321-45A1-A817-5CF2C03C715A}.Debug|Any CPU.Build.0 = Debug|Any CPU
		{D136547B-1321-45A1-A817-5CF2C03C715A}.Release|Any CPU.ActiveCfg = Release|Any CPU
		{D136547B-1321-45A1-A817-5CF2C03C715A}.Release|Any CPU.Build.0 = Release|Any CPU
		{56B9D42A-EEFE-4062-91D3-8859299978A1}.Debug|Any CPU.ActiveCfg = Debug|Any CPU
		{56B9D42A-EEFE-4062-91D3-8859299978A1}.Debug|Any CPU.Build.0 = Debug|Any CPU
		{56B9D42A-EEFE-4062-91D3-8859299978A1}.Release|Any CPU.ActiveCfg = Release|Any CPU
		{56B9D42A-EEFE-4062-91D3-8859299978A1}.Release|Any CPU.Build.0 = Release|Any CPU
		{C6BB091A-97D0-4FBC-A119-347D0E91315A}.Debug|Any CPU.ActiveCfg = Debug|Any CPU
		{C6BB091A-97D0-4FBC-A119-347D0E91315A}.Debug|Any CPU.Build.0 = Debug|Any CPU
		{C6BB091A-97D0-4FBC-A119-347D0E91315A}.Release|Any CPU.ActiveCfg = Release|Any CPU
		{C6BB091A-97D0-4FBC-A119-347D0E91315A}.Release|Any CPU.Build.0 = Release|Any CPU
		{3BA2B1B3-DAF2-44A7-9B5C-30D713FBF4E0}.Debug|Any CPU.ActiveCfg = Debug|Any CPU
		{3BA2B1B3-DAF2-44A7-9B5C-30D713FBF4E0}.Debug|Any CPU.Build.0 = Debug|Any CPU
		{3BA2B1B3-DAF2-44A7-9B5C-30D713FBF4E0}.Release|Any CPU.ActiveCfg = Release|Any CPU
		{3BA2B1B3-DAF2-44A7-9B5C-30D713FBF4E0}.Release|Any CPU.Build.0 = Release|Any CPU
		{E05BAC56-EA2A-4883-A20E-9352AAA486AB}.Debug|Any CPU.ActiveCfg = Debug|Any CPU
		{E05BAC56-EA2A-4883-A20E-9352AAA486AB}.Debug|Any CPU.Build.0 = Debug|Any CPU
		{E05BAC56-EA2A-4883-A20E-9352AAA486AB}.Release|Any CPU.ActiveCfg = Release|Any CPU
		{E05BAC56-EA2A-4883-A20E-9352AAA486AB}.Release|Any CPU.Build.0 = Release|Any CPU
		{577AB4E8-AF1E-4BE3-94AD-D38764DF4043}.Debug|Any CPU.ActiveCfg = Debug|Any CPU
		{577AB4E8-AF1E-4BE3-94AD-D38764DF4043}.Debug|Any CPU.Build.0 = Debug|Any CPU
		{577AB4E8-AF1E-4BE3-94AD-D38764DF4043}.Release|Any CPU.ActiveCfg = Release|Any CPU
		{577AB4E8-AF1E-4BE3-94AD-D38764DF4043}.Release|Any CPU.Build.0 = Release|Any CPU
		{493737D5-3D67-437D-9A0B-7361C69BDCC7}.Debug|Any CPU.ActiveCfg = Debug|Any CPU
		{493737D5-3D67-437D-9A0B-7361C69BDCC7}.Debug|Any CPU.Build.0 = Debug|Any CPU
		{493737D5-3D67-437D-9A0B-7361C69BDCC7}.Release|Any CPU.ActiveCfg = Release|Any CPU
		{493737D5-3D67-437D-9A0B-7361C69BDCC7}.Release|Any CPU.Build.0 = Release|Any CPU
		{E41D6786-4A1D-4884-BF2B-0263FE45FE4A}.Debug|Any CPU.ActiveCfg = Debug|Any CPU
		{E41D6786-4A1D-4884-BF2B-0263FE45FE4A}.Debug|Any CPU.Build.0 = Debug|Any CPU
		{E41D6786-4A1D-4884-BF2B-0263FE45FE4A}.Release|Any CPU.ActiveCfg = Release|Any CPU
		{E41D6786-4A1D-4884-BF2B-0263FE45FE4A}.Release|Any CPU.Build.0 = Release|Any CPU
		{C7A26E4E-8A52-431F-84F1-751FB3B82262}.Debug|Any CPU.ActiveCfg = Debug|Any CPU
		{C7A26E4E-8A52-431F-84F1-751FB3B82262}.Debug|Any CPU.Build.0 = Debug|Any CPU
		{C7A26E4E-8A52-431F-84F1-751FB3B82262}.Release|Any CPU.ActiveCfg = Release|Any CPU
		{C7A26E4E-8A52-431F-84F1-751FB3B82262}.Release|Any CPU.Build.0 = Release|Any CPU
		{16FFF3D0-781A-47D9-B7B5-5185B7A0B2FA}.Debug|Any CPU.ActiveCfg = Debug|Any CPU
		{16FFF3D0-781A-47D9-B7B5-5185B7A0B2FA}.Debug|Any CPU.Build.0 = Debug|Any CPU
		{16FFF3D0-781A-47D9-B7B5-5185B7A0B2FA}.Release|Any CPU.ActiveCfg = Release|Any CPU
		{16FFF3D0-781A-47D9-B7B5-5185B7A0B2FA}.Release|Any CPU.Build.0 = Release|Any CPU
		{8AA36BF1-DA52-4038-BFEC-9AF49FC1DD98}.Debug|Any CPU.ActiveCfg = Debug|Any CPU
		{8AA36BF1-DA52-4038-BFEC-9AF49FC1DD98}.Debug|Any CPU.Build.0 = Debug|Any CPU
		{8AA36BF1-DA52-4038-BFEC-9AF49FC1DD98}.Release|Any CPU.ActiveCfg = Release|Any CPU
		{8AA36BF1-DA52-4038-BFEC-9AF49FC1DD98}.Release|Any CPU.Build.0 = Release|Any CPU
		{290E5F75-ADB0-4B10-893B-D2E3A68FD638}.Debug|Any CPU.ActiveCfg = Debug|Any CPU
		{290E5F75-ADB0-4B10-893B-D2E3A68FD638}.Debug|Any CPU.Build.0 = Debug|Any CPU
		{290E5F75-ADB0-4B10-893B-D2E3A68FD638}.Release|Any CPU.ActiveCfg = Release|Any CPU
		{290E5F75-ADB0-4B10-893B-D2E3A68FD638}.Release|Any CPU.Build.0 = Release|Any CPU
		{E532998B-B266-4BAB-B972-89ADD689A97A}.Debug|Any CPU.ActiveCfg = Debug|Any CPU
		{E532998B-B266-4BAB-B972-89ADD689A97A}.Debug|Any CPU.Build.0 = Debug|Any CPU
		{E532998B-B266-4BAB-B972-89ADD689A97A}.Release|Any CPU.ActiveCfg = Release|Any CPU
		{E532998B-B266-4BAB-B972-89ADD689A97A}.Release|Any CPU.Build.0 = Release|Any CPU
		{A3A6DE8C-F6F0-4170-8728-DB642B2F1149}.Debug|Any CPU.ActiveCfg = Debug|Any CPU
		{A3A6DE8C-F6F0-4170-8728-DB642B2F1149}.Debug|Any CPU.Build.0 = Debug|Any CPU
		{A3A6DE8C-F6F0-4170-8728-DB642B2F1149}.Release|Any CPU.ActiveCfg = Release|Any CPU
		{A3A6DE8C-F6F0-4170-8728-DB642B2F1149}.Release|Any CPU.Build.0 = Release|Any CPU
		{03987416-C252-4724-BD5B-006041AF9940}.Debug|Any CPU.ActiveCfg = Debug|Any CPU
		{03987416-C252-4724-BD5B-006041AF9940}.Debug|Any CPU.Build.0 = Debug|Any CPU
		{03987416-C252-4724-BD5B-006041AF9940}.Release|Any CPU.ActiveCfg = Release|Any CPU
		{03987416-C252-4724-BD5B-006041AF9940}.Release|Any CPU.Build.0 = Release|Any CPU
		{F0E3A297-F3C3-4D5A-A791-E4C3D1FC1F67}.Debug|Any CPU.ActiveCfg = Debug|Any CPU
		{F0E3A297-F3C3-4D5A-A791-E4C3D1FC1F67}.Debug|Any CPU.Build.0 = Debug|Any CPU
		{F0E3A297-F3C3-4D5A-A791-E4C3D1FC1F67}.Release|Any CPU.ActiveCfg = Release|Any CPU
		{F0E3A297-F3C3-4D5A-A791-E4C3D1FC1F67}.Release|Any CPU.Build.0 = Release|Any CPU
		{E4F0214B-AE07-4AE0-88A2-538BF02F8DC3}.Debug|Any CPU.ActiveCfg = Debug|Any CPU
		{E4F0214B-AE07-4AE0-88A2-538BF02F8DC3}.Debug|Any CPU.Build.0 = Debug|Any CPU
		{E4F0214B-AE07-4AE0-88A2-538BF02F8DC3}.Release|Any CPU.ActiveCfg = Release|Any CPU
		{E4F0214B-AE07-4AE0-88A2-538BF02F8DC3}.Release|Any CPU.Build.0 = Release|Any CPU
		{49B3898B-B308-4CB1-9C57-287FA4F3CA1F}.Debug|Any CPU.ActiveCfg = Debug|Any CPU
		{49B3898B-B308-4CB1-9C57-287FA4F3CA1F}.Debug|Any CPU.Build.0 = Debug|Any CPU
		{49B3898B-B308-4CB1-9C57-287FA4F3CA1F}.Release|Any CPU.ActiveCfg = Release|Any CPU
		{49B3898B-B308-4CB1-9C57-287FA4F3CA1F}.Release|Any CPU.Build.0 = Release|Any CPU
		{EDE83E87-0C74-47E9-91F0-52AC6E9F08BC}.Debug|Any CPU.ActiveCfg = Debug|Any CPU
		{EDE83E87-0C74-47E9-91F0-52AC6E9F08BC}.Debug|Any CPU.Build.0 = Debug|Any CPU
		{EDE83E87-0C74-47E9-91F0-52AC6E9F08BC}.Release|Any CPU.ActiveCfg = Release|Any CPU
		{EDE83E87-0C74-47E9-91F0-52AC6E9F08BC}.Release|Any CPU.Build.0 = Release|Any CPU
		{FA523901-C8B4-488F-984E-61EBB15F4926}.Debug|Any CPU.ActiveCfg = Debug|Any CPU
		{FA523901-C8B4-488F-984E-61EBB15F4926}.Debug|Any CPU.Build.0 = Debug|Any CPU
		{FA523901-C8B4-488F-984E-61EBB15F4926}.Release|Any CPU.ActiveCfg = Release|Any CPU
		{FA523901-C8B4-488F-984E-61EBB15F4926}.Release|Any CPU.Build.0 = Release|Any CPU
	EndGlobalSection
	GlobalSection(SolutionProperties) = preSolution
		HideSolutionNode = FALSE
	EndGlobalSection
	GlobalSection(NestedProjects) = preSolution
		{150D672F-11E6-435B-A75D-AB64C586D13B} = {0D83D479-119C-4570-BDDA-976AD311EE8E}
		{D136547B-1321-45A1-A817-5CF2C03C715A} = {0D83D479-119C-4570-BDDA-976AD311EE8E}
		{56B9D42A-EEFE-4062-91D3-8859299978A1} = {0D83D479-119C-4570-BDDA-976AD311EE8E}
		{C6BB091A-97D0-4FBC-A119-347D0E91315A} = {0D83D479-119C-4570-BDDA-976AD311EE8E}
		{3BA2B1B3-DAF2-44A7-9B5C-30D713FBF4E0} = {C1DF5F59-1AEA-4F42-8621-6C1CECB8F9EE}
		{E05BAC56-EA2A-4883-A20E-9352AAA486AB} = {0EB59C3D-20CE-4496-9590-BE13383F7D00}
		{577AB4E8-AF1E-4BE3-94AD-D38764DF4043} = {0EB59C3D-20CE-4496-9590-BE13383F7D00}
		{493737D5-3D67-437D-9A0B-7361C69BDCC7} = {0EB59C3D-20CE-4496-9590-BE13383F7D00}
		{E41D6786-4A1D-4884-BF2B-0263FE45FE4A} = {0EB59C3D-20CE-4496-9590-BE13383F7D00}
		{C7A26E4E-8A52-431F-84F1-751FB3B82262} = {0EB59C3D-20CE-4496-9590-BE13383F7D00}
		{16FFF3D0-781A-47D9-B7B5-5185B7A0B2FA} = {0EB59C3D-20CE-4496-9590-BE13383F7D00}
		{8AA36BF1-DA52-4038-BFEC-9AF49FC1DD98} = {0EB59C3D-20CE-4496-9590-BE13383F7D00}
		{290E5F75-ADB0-4B10-893B-D2E3A68FD638} = {C1DF5F59-1AEA-4F42-8621-6C1CECB8F9EE}
		{E532998B-B266-4BAB-B972-89ADD689A97A} = {C1DF5F59-1AEA-4F42-8621-6C1CECB8F9EE}
		{A3A6DE8C-F6F0-4170-8728-DB642B2F1149} = {56B8966E-AA31-4E0B-8FD7-124947C270C4}
		{03987416-C252-4724-BD5B-006041AF9940} = {56B8966E-AA31-4E0B-8FD7-124947C270C4}
		{F0E3A297-F3C3-4D5A-A791-E4C3D1FC1F67} = {7DD0265D-593E-4735-BC62-AEC31966D4F5}
		{E4F0214B-AE07-4AE0-88A2-538BF02F8DC3} = {0B7C57C0-5F61-4623-A57C-4F6B2693D969}
		{49B3898B-B308-4CB1-9C57-287FA4F3CA1F} = {0B7C57C0-5F61-4623-A57C-4F6B2693D969}
		{EDE83E87-0C74-47E9-91F0-52AC6E9F08BC} = {7EAEC179-C4FF-413B-9EB4-4F08CD4EF11A}
		{FA523901-C8B4-488F-984E-61EBB15F4926} = {C1DF5F59-1AEA-4F42-8621-6C1CECB8F9EE}
	EndGlobalSection
	GlobalSection(ExtensibilityGlobals) = postSolution
		SolutionGuid = {F6FEB26E-E15B-45B2-A3DA-33902D264A19}
	EndGlobalSection
EndGlobal
